
Microsoft Visual Studio Solution File, Format Version 12.00
# Visual Studio Version 17
VisualStudioVersion = 17.13.35806.99
MinimumVisualStudioVersion = 10.0.40219.1
Project("{FAE04EC0-301F-11D3-BF4B-00C04F79EFBC}") = "BigChat.Infrastructure", "BigChat.Infrastructure\BigChat.Infrastructure.csproj", "{F0540BD7-1FB2-4615-8AEC-57CE0E719F10}"
EndProject
Project("{2150E333-8FDC-42A3-9474-1A3956D46DE8}") = "Solution Items", "Solution Items", "{02EA681E-C7D8-13C7-8484-4AC65E1B71E8}"
	ProjectSection(SolutionItems) = preProject
		.editorconfig = .editorconfig
		Directory.Build.props = Directory.Build.props
		Directory.Packages.props = Directory.Packages.props
	EndProjectSection
EndProject
Project("{FAE04EC0-301F-11D3-BF4B-00C04F79EFBC}") = "BigChat.AppCore", "BigChat.AppCore\BigChat.AppCore.csproj", "{B38D5541-1287-19A9-349F-9DF7154E890A}"
EndProject
Project("{FAE04EC0-301F-11D3-BF4B-00C04F79EFBC}") = "BigChat.WinUI", "BigChat.WinUI\BigChat.WinUI.csproj", "{465CFAB5-153B-804E-9C08-E54DC2AF61D6}"
EndProject
Global
	GlobalSection(SolutionConfigurationPlatforms) = preSolution
		Debug|Any CPU = Debug|Any CPU
		Debug|ARM64 = Debug|ARM64
		Debug|x64 = Debug|x64
		Debug|x86 = Debug|x86
		Release|Any CPU = Release|Any CPU
		Release|ARM64 = Release|ARM64
		Release|x64 = Release|x64
		Release|x86 = Release|x86
	EndGlobalSection
	GlobalSection(ProjectConfigurationPlatforms) = postSolution
		{F0540BD7-1FB2-4615-8AEC-57CE0E719F10}.Debug|Any CPU.ActiveCfg = Debug|Any CPU
		{F0540BD7-1FB2-4615-8AEC-57CE0E719F10}.Debug|Any CPU.Build.0 = Debug|Any CPU
		{F0540BD7-1FB2-4615-8AEC-57CE0E719F10}.Debug|ARM64.ActiveCfg = Debug|Any CPU
		{F0540BD7-1FB2-4615-8AEC-57CE0E719F10}.Debug|ARM64.Build.0 = Debug|Any CPU
		{F0540BD7-1FB2-4615-8AEC-57CE0E719F10}.Debug|x64.ActiveCfg = Debug|Any CPU
		{F0540BD7-1FB2-4615-8AEC-57CE0E719F10}.Debug|x64.Build.0 = Debug|Any CPU
		{F0540BD7-1FB2-4615-8AEC-57CE0E719F10}.Debug|x86.ActiveCfg = Debug|Any CPU
		{F0540BD7-1FB2-4615-8AEC-57CE0E719F10}.Debug|x86.Build.0 = Debug|Any CPU
		{F0540BD7-1FB2-4615-8AEC-57CE0E719F10}.Release|Any CPU.ActiveCfg = Release|Any CPU
		{F0540BD7-1FB2-4615-8AEC-57CE0E719F10}.Release|Any CPU.Build.0 = Release|Any CPU
		{F0540BD7-1FB2-4615-8AEC-57CE0E719F10}.Release|ARM64.ActiveCfg = Release|Any CPU
		{F0540BD7-1FB2-4615-8AEC-57CE0E719F10}.Release|ARM64.Build.0 = Release|Any CPU
		{F0540BD7-1FB2-4615-8AEC-57CE0E719F10}.Release|x64.ActiveCfg = Release|Any CPU
		{F0540BD7-1FB2-4615-8AEC-57CE0E719F10}.Release|x64.Build.0 = Release|Any CPU
		{F0540BD7-1FB2-4615-8AEC-57CE0E719F10}.Release|x86.ActiveCfg = Release|Any CPU
		{F0540BD7-1FB2-4615-8AEC-57CE0E719F10}.Release|x86.Build.0 = Release|Any CPU
		{B38D5541-1287-19A9-349F-9DF7154E890A}.Debug|Any CPU.ActiveCfg = Debug|Any CPU
		{B38D5541-1287-19A9-349F-9DF7154E890A}.Debug|Any CPU.Build.0 = Debug|Any CPU
		{B38D5541-1287-19A9-349F-9DF7154E890A}.Debug|ARM64.ActiveCfg = Debug|Any CPU
		{B38D5541-1287-19A9-349F-9DF7154E890A}.Debug|ARM64.Build.0 = Debug|Any CPU
		{B38D5541-1287-19A9-349F-9DF7154E890A}.Debug|x64.ActiveCfg = Debug|Any CPU
		{B38D5541-1287-19A9-349F-9DF7154E890A}.Debug|x64.Build.0 = Debug|Any CPU
		{B38D5541-1287-19A9-349F-9DF7154E890A}.Debug|x86.ActiveCfg = Debug|Any CPU
		{B38D5541-1287-19A9-349F-9DF7154E890A}.Debug|x86.Build.0 = Debug|Any CPU
		{B38D5541-1287-19A9-349F-9DF7154E890A}.Release|Any CPU.ActiveCfg = Release|Any CPU
		{B38D5541-1287-19A9-349F-9DF7154E890A}.Release|Any CPU.Build.0 = Release|Any CPU
		{B38D5541-1287-19A9-349F-9DF7154E890A}.Release|ARM64.ActiveCfg = Release|Any CPU
		{B38D5541-1287-19A9-349F-9DF7154E890A}.Release|ARM64.Build.0 = Release|Any CPU
		{B38D5541-1287-19A9-349F-9DF7154E890A}.Release|x64.ActiveCfg = Release|Any CPU
		{B38D5541-1287-19A9-349F-9DF7154E890A}.Release|x64.Build.0 = Release|Any CPU
		{B38D5541-1287-19A9-349F-9DF7154E890A}.Release|x86.ActiveCfg = Release|Any CPU
		{B38D5541-1287-19A9-349F-9DF7154E890A}.Release|x86.Build.0 = Release|Any CPU
		{465CFAB5-153B-804E-9C08-E54DC2AF61D6}.Debug|Any CPU.ActiveCfg = Debug|x64
		{465CFAB5-153B-804E-9C08-E54DC2AF61D6}.Debug|Any CPU.Build.0 = Debug|x64
		{465CFAB5-153B-804E-9C08-E54DC2AF61D6}.Debug|Any CPU.Deploy.0 = Debug|x64
		{465CFAB5-153B-804E-9C08-E54DC2AF61D6}.Debug|ARM64.ActiveCfg = Debug|ARM64
		{465CFAB5-153B-804E-9C08-E54DC2AF61D6}.Debug|ARM64.Build.0 = Debug|ARM64
		{465CFAB5-153B-804E-9C08-E54DC2AF61D6}.Debug|ARM64.Deploy.0 = Debug|ARM64
		{465CFAB5-153B-804E-9C08-E54DC2AF61D6}.Debug|x64.ActiveCfg = Debug|x64
		{465CFAB5-153B-804E-9C08-E54DC2AF61D6}.Debug|x64.Build.0 = Debug|x64
		{465CFAB5-153B-804E-9C08-E54DC2AF61D6}.Debug|x64.Deploy.0 = Debug|x64
		{465CFAB5-153B-804E-9C08-E54DC2AF61D6}.Debug|x86.ActiveCfg = Debug|x86
		{465CFAB5-153B-804E-9C08-E54DC2AF61D6}.Debug|x86.Build.0 = Debug|x86
		{465CFAB5-153B-804E-9C08-E54DC2AF61D6}.Debug|x86.Deploy.0 = Debug|x86
		{465CFAB5-153B-804E-9C08-E54DC2AF61D6}.Release|Any CPU.ActiveCfg = Release|x64
		{465CFAB5-153B-804E-9C08-E54DC2AF61D6}.Release|Any CPU.Build.0 = Release|x64
		{465CFAB5-153B-804E-9C08-E54DC2AF61D6}.Release|Any CPU.Deploy.0 = Release|x64
		{465CFAB5-153B-804E-9C08-E54DC2AF61D6}.Release|ARM64.ActiveCfg = Release|ARM64
		{465CFAB5-153B-804E-9C08-E54DC2AF61D6}.Release|ARM64.Build.0 = Release|ARM64
		{465CFAB5-153B-804E-9C08-E54DC2AF61D6}.Release|ARM64.Deploy.0 = Release|ARM64
		{465CFAB5-153B-804E-9C08-E54DC2AF61D6}.Release|x64.ActiveCfg = Release|x64
		{465CFAB5-153B-804E-9C08-E54DC2AF61D6}.Release|x64.Build.0 = Release|x64
		{465CFAB5-153B-804E-9C08-E54DC2AF61D6}.Release|x64.Deploy.0 = Release|x64
		{465CFAB5-153B-804E-9C08-E54DC2AF61D6}.Release|x86.ActiveCfg = Release|x86
		{465CFAB5-153B-804E-9C08-E54DC2AF61D6}.Release|x86.Build.0 = Release|x86
		{465CFAB5-153B-804E-9C08-E54DC2AF61D6}.Release|x86.Deploy.0 = Release|x86
	EndGlobalSection
	GlobalSection(SolutionProperties) = preSolution
		HideSolutionNode = FALSE
	EndGlobalSection
	GlobalSection(ExtensibilityGlobals) = postSolution
		SolutionGuid = {CB117C3F-B04C-4A86-842D-3D28352A2E0D}
	EndGlobalSection
EndGlobal
